// !$*UTF8*$!
{
	archiveVersion = 1;
	classes = {
	};
	objectVersion = 50;
	objects = {

/* Begin PBXBuildFile section */
		1CE2D8875838FDA0ABCF76A2 /* Pods_PlanYourMealTests.framework in Frameworks */ = {isa = PBXBuildFile; fileRef = 4B1FC49079FDE108F4745934 /* Pods_PlanYourMealTests.framework */; };
		2467FF38234DAF4D0098C021 /* HomeViewController.swift in Sources */ = {isa = PBXBuildFile; fileRef = 2467FF37234DAF4D0098C021 /* HomeViewController.swift */; };
		2467FF3C234DEC6B0098C021 /* PlusViewController.swift in Sources */ = {isa = PBXBuildFile; fileRef = 2467FF3B234DEC6B0098C021 /* PlusViewController.swift */; };
		2467FF3E234DECA40098C021 /* ShoppingListViewController.swift in Sources */ = {isa = PBXBuildFile; fileRef = 2467FF3D234DECA40098C021 /* ShoppingListViewController.swift */; };
		2467FF40234DECC90098C021 /* ProfileViewController.swift in Sources */ = {isa = PBXBuildFile; fileRef = 2467FF3F234DECC90098C021 /* ProfileViewController.swift */; };
		2467FF43234E60540098C021 /* TabBarViewController.swift in Sources */ = {isa = PBXBuildFile; fileRef = 2467FF42234E60540098C021 /* TabBarViewController.swift */; };
		2467FF45234F2CB30098C021 /* RecipesCollectionViewController.swift in Sources */ = {isa = PBXBuildFile; fileRef = 2467FF44234F2CB30098C021 /* RecipesCollectionViewController.swift */; };
		2467FF47234F2FA70098C021 /* Recipe.swift in Sources */ = {isa = PBXBuildFile; fileRef = 2467FF46234F2FA70098C021 /* Recipe.swift */; };
		2467FF4923504D190098C021 /* GoogleService-Info.plist in Resources */ = {isa = PBXBuildFile; fileRef = 2467FF4823504D190098C021 /* GoogleService-Info.plist */; };
		24A0E256234C634600B02DF2 /* AppDelegate.swift in Sources */ = {isa = PBXBuildFile; fileRef = 24A0E255234C634600B02DF2 /* AppDelegate.swift */; };
		24A0E258234C634600B02DF2 /* SceneDelegate.swift in Sources */ = {isa = PBXBuildFile; fileRef = 24A0E257234C634600B02DF2 /* SceneDelegate.swift */; };
		24A0E25D234C634600B02DF2 /* Main.storyboard in Resources */ = {isa = PBXBuildFile; fileRef = 24A0E25B234C634600B02DF2 /* Main.storyboard */; };
		24A0E260234C634600B02DF2 /* PlanYourMeal.xcdatamodeld in Sources */ = {isa = PBXBuildFile; fileRef = 24A0E25E234C634600B02DF2 /* PlanYourMeal.xcdatamodeld */; };
		24A0E262234C634B00B02DF2 /* Assets.xcassets in Resources */ = {isa = PBXBuildFile; fileRef = 24A0E261234C634B00B02DF2 /* Assets.xcassets */; };
		24A0E265234C634B00B02DF2 /* LaunchScreen.storyboard in Resources */ = {isa = PBXBuildFile; fileRef = 24A0E263234C634B00B02DF2 /* LaunchScreen.storyboard */; };
		24A0E270234C634B00B02DF2 /* PlanYourMealTests.swift in Sources */ = {isa = PBXBuildFile; fileRef = 24A0E26F234C634B00B02DF2 /* PlanYourMealTests.swift */; };
		24A0E27B234C634B00B02DF2 /* PlanYourMealUITests.swift in Sources */ = {isa = PBXBuildFile; fileRef = 24A0E27A234C634B00B02DF2 /* PlanYourMealUITests.swift */; };
		D116CDD08E9810DC2472EEB3 /* Pods_PlanYourMeal_PlanYourMealUITests.framework in Frameworks */ = {isa = PBXBuildFile; fileRef = 6AD94CBD1F7FA7F95374CDB2 /* Pods_PlanYourMeal_PlanYourMealUITests.framework */; };
		E9B9ACE04DEFDF93089B76A5 /* Pods_PlanYourMeal.framework in Frameworks */ = {isa = PBXBuildFile; fileRef = F8670A283E360A2AEB8B64A7 /* Pods_PlanYourMeal.framework */; };
/* End PBXBuildFile section */

/* Begin PBXContainerItemProxy section */
		24A0E26C234C634B00B02DF2 /* PBXContainerItemProxy */ = {
			isa = PBXContainerItemProxy;
			containerPortal = 24A0E24A234C634500B02DF2 /* Project object */;
			proxyType = 1;
			remoteGlobalIDString = 24A0E251234C634500B02DF2;
			remoteInfo = PlanYourMeal;
		};
		24A0E277234C634B00B02DF2 /* PBXContainerItemProxy */ = {
			isa = PBXContainerItemProxy;
			containerPortal = 24A0E24A234C634500B02DF2 /* Project object */;
			proxyType = 1;
			remoteGlobalIDString = 24A0E251234C634500B02DF2;
			remoteInfo = PlanYourMeal;
		};
/* End PBXContainerItemProxy section */

/* Begin PBXFileReference section */
		0AC8E9D2503C5F015FE56B47 /* Pods-PlanYourMeal-PlanYourMealUITests.release.xcconfig */ = {isa = PBXFileReference; includeInIndex = 1; lastKnownFileType = text.xcconfig; name = "Pods-PlanYourMeal-PlanYourMealUITests.release.xcconfig"; path = "Target Support Files/Pods-PlanYourMeal-PlanYourMealUITests/Pods-PlanYourMeal-PlanYourMealUITests.release.xcconfig"; sourceTree = "<group>"; };
		2467FF37234DAF4D0098C021 /* HomeViewController.swift */ = {isa = PBXFileReference; lastKnownFileType = sourcecode.swift; path = HomeViewController.swift; sourceTree = "<group>"; };
		2467FF3B234DEC6B0098C021 /* PlusViewController.swift */ = {isa = PBXFileReference; lastKnownFileType = sourcecode.swift; path = PlusViewController.swift; sourceTree = "<group>"; };
		2467FF3D234DECA40098C021 /* ShoppingListViewController.swift */ = {isa = PBXFileReference; lastKnownFileType = sourcecode.swift; path = ShoppingListViewController.swift; sourceTree = "<group>"; };
		2467FF3F234DECC90098C021 /* ProfileViewController.swift */ = {isa = PBXFileReference; lastKnownFileType = sourcecode.swift; path = ProfileViewController.swift; sourceTree = "<group>"; };
		2467FF42234E60540098C021 /* TabBarViewController.swift */ = {isa = PBXFileReference; lastKnownFileType = sourcecode.swift; path = TabBarViewController.swift; sourceTree = "<group>"; };
		2467FF44234F2CB30098C021 /* RecipesCollectionViewController.swift */ = {isa = PBXFileReference; lastKnownFileType = sourcecode.swift; path = RecipesCollectionViewController.swift; sourceTree = "<group>"; };
		2467FF46234F2FA70098C021 /* Recipe.swift */ = {isa = PBXFileReference; lastKnownFileType = sourcecode.swift; path = Recipe.swift; sourceTree = "<group>"; };
		2467FF4823504D190098C021 /* GoogleService-Info.plist */ = {isa = PBXFileReference; fileEncoding = 4; lastKnownFileType = text.plist.xml; name = "GoogleService-Info.plist"; path = "../../GoogleService-Info.plist"; sourceTree = "<group>"; };
		24A0E252234C634600B02DF2 /* PlanYourMeal.app */ = {isa = PBXFileReference; explicitFileType = wrapper.application; includeInIndex = 0; path = PlanYourMeal.app; sourceTree = BUILT_PRODUCTS_DIR; };
		24A0E255234C634600B02DF2 /* AppDelegate.swift */ = {isa = PBXFileReference; lastKnownFileType = sourcecode.swift; path = AppDelegate.swift; sourceTree = "<group>"; };
		24A0E257234C634600B02DF2 /* SceneDelegate.swift */ = {isa = PBXFileReference; lastKnownFileType = sourcecode.swift; path = SceneDelegate.swift; sourceTree = "<group>"; };
		24A0E25C234C634600B02DF2 /* Base */ = {isa = PBXFileReference; lastKnownFileType = file.storyboard; name = Base; path = Base.lproj/Main.storyboard; sourceTree = "<group>"; };
		24A0E25F234C634600B02DF2 /* PlanYourMeal.xcdatamodel */ = {isa = PBXFileReference; lastKnownFileType = wrapper.xcdatamodel; path = PlanYourMeal.xcdatamodel; sourceTree = "<group>"; };
		24A0E261234C634B00B02DF2 /* Assets.xcassets */ = {isa = PBXFileReference; lastKnownFileType = folder.assetcatalog; path = Assets.xcassets; sourceTree = "<group>"; };
		24A0E264234C634B00B02DF2 /* Base */ = {isa = PBXFileReference; lastKnownFileType = file.storyboard; name = Base; path = Base.lproj/LaunchScreen.storyboard; sourceTree = "<group>"; };
		24A0E266234C634B00B02DF2 /* Info.plist */ = {isa = PBXFileReference; lastKnownFileType = text.plist.xml; path = Info.plist; sourceTree = "<group>"; };
		24A0E26B234C634B00B02DF2 /* PlanYourMealTests.xctest */ = {isa = PBXFileReference; explicitFileType = wrapper.cfbundle; includeInIndex = 0; path = PlanYourMealTests.xctest; sourceTree = BUILT_PRODUCTS_DIR; };
		24A0E26F234C634B00B02DF2 /* PlanYourMealTests.swift */ = {isa = PBXFileReference; lastKnownFileType = sourcecode.swift; path = PlanYourMealTests.swift; sourceTree = "<group>"; };
		24A0E271234C634B00B02DF2 /* Info.plist */ = {isa = PBXFileReference; lastKnownFileType = text.plist.xml; path = Info.plist; sourceTree = "<group>"; };
		24A0E276234C634B00B02DF2 /* PlanYourMealUITests.xctest */ = {isa = PBXFileReference; explicitFileType = wrapper.cfbundle; includeInIndex = 0; path = PlanYourMealUITests.xctest; sourceTree = BUILT_PRODUCTS_DIR; };
		24A0E27A234C634B00B02DF2 /* PlanYourMealUITests.swift */ = {isa = PBXFileReference; lastKnownFileType = sourcecode.swift; path = PlanYourMealUITests.swift; sourceTree = "<group>"; };
		24A0E27C234C634B00B02DF2 /* Info.plist */ = {isa = PBXFileReference; lastKnownFileType = text.plist.xml; path = Info.plist; sourceTree = "<group>"; };
		45912CC093D228ACBE1047BA /* Pods-PlanYourMeal-PlanYourMealUITests.debug.xcconfig */ = {isa = PBXFileReference; includeInIndex = 1; lastKnownFileType = text.xcconfig; name = "Pods-PlanYourMeal-PlanYourMealUITests.debug.xcconfig"; path = "Target Support Files/Pods-PlanYourMeal-PlanYourMealUITests/Pods-PlanYourMeal-PlanYourMealUITests.debug.xcconfig"; sourceTree = "<group>"; };
		4B05B3B873F40EF3926D4C49 /* Pods-PlanYourMealTests.release.xcconfig */ = {isa = PBXFileReference; includeInIndex = 1; lastKnownFileType = text.xcconfig; name = "Pods-PlanYourMealTests.release.xcconfig"; path = "Target Support Files/Pods-PlanYourMealTests/Pods-PlanYourMealTests.release.xcconfig"; sourceTree = "<group>"; };
		4B1FC49079FDE108F4745934 /* Pods_PlanYourMealTests.framework */ = {isa = PBXFileReference; explicitFileType = wrapper.framework; includeInIndex = 0; path = Pods_PlanYourMealTests.framework; sourceTree = BUILT_PRODUCTS_DIR; };
		6AD94CBD1F7FA7F95374CDB2 /* Pods_PlanYourMeal_PlanYourMealUITests.framework */ = {isa = PBXFileReference; explicitFileType = wrapper.framework; includeInIndex = 0; path = Pods_PlanYourMeal_PlanYourMealUITests.framework; sourceTree = BUILT_PRODUCTS_DIR; };
		B7F4AEB5CA3F925DA78FD8AC /* Pods-PlanYourMeal.debug.xcconfig */ = {isa = PBXFileReference; includeInIndex = 1; lastKnownFileType = text.xcconfig; name = "Pods-PlanYourMeal.debug.xcconfig"; path = "Target Support Files/Pods-PlanYourMeal/Pods-PlanYourMeal.debug.xcconfig"; sourceTree = "<group>"; };
		CF1AD880B1B2EE2852F1590B /* Pods-PlanYourMeal.release.xcconfig */ = {isa = PBXFileReference; includeInIndex = 1; lastKnownFileType = text.xcconfig; name = "Pods-PlanYourMeal.release.xcconfig"; path = "Target Support Files/Pods-PlanYourMeal/Pods-PlanYourMeal.release.xcconfig"; sourceTree = "<group>"; };
		F8670A283E360A2AEB8B64A7 /* Pods_PlanYourMeal.framework */ = {isa = PBXFileReference; explicitFileType = wrapper.framework; includeInIndex = 0; path = Pods_PlanYourMeal.framework; sourceTree = BUILT_PRODUCTS_DIR; };
		FC91549744357A0A053ACACA /* Pods-PlanYourMealTests.debug.xcconfig */ = {isa = PBXFileReference; includeInIndex = 1; lastKnownFileType = text.xcconfig; name = "Pods-PlanYourMealTests.debug.xcconfig"; path = "Target Support Files/Pods-PlanYourMealTests/Pods-PlanYourMealTests.debug.xcconfig"; sourceTree = "<group>"; };
/* End PBXFileReference section */

/* Begin PBXFrameworksBuildPhase section */
		24A0E24F234C634500B02DF2 /* Frameworks */ = {
			isa = PBXFrameworksBuildPhase;
			buildActionMask = 2147483647;
			files = (
				E9B9ACE04DEFDF93089B76A5 /* Pods_PlanYourMeal.framework in Frameworks */,
			);
			runOnlyForDeploymentPostprocessing = 0;
		};
		24A0E268234C634B00B02DF2 /* Frameworks */ = {
			isa = PBXFrameworksBuildPhase;
			buildActionMask = 2147483647;
			files = (
				1CE2D8875838FDA0ABCF76A2 /* Pods_PlanYourMealTests.framework in Frameworks */,
			);
			runOnlyForDeploymentPostprocessing = 0;
		};
		24A0E273234C634B00B02DF2 /* Frameworks */ = {
			isa = PBXFrameworksBuildPhase;
			buildActionMask = 2147483647;
			files = (
				D116CDD08E9810DC2472EEB3 /* Pods_PlanYourMeal_PlanYourMealUITests.framework in Frameworks */,
			);
			runOnlyForDeploymentPostprocessing = 0;
		};
/* End PBXFrameworksBuildPhase section */

/* Begin PBXGroup section */
		2467FF41234DECDF0098C021 /* ViewControllers */ = {
			isa = PBXGroup;
			children = (
				2467FF3F234DECC90098C021 /* ProfileViewController.swift */,
				2467FF3D234DECA40098C021 /* ShoppingListViewController.swift */,
				2467FF3B234DEC6B0098C021 /* PlusViewController.swift */,
				2467FF37234DAF4D0098C021 /* HomeViewController.swift */,
				2467FF44234F2CB30098C021 /* RecipesCollectionViewController.swift */,
			);
			path = ViewControllers;
			sourceTree = "<group>";
		};
		24A0E249234C634500B02DF2 = {
			isa = PBXGroup;
			children = (
				24A0E254234C634600B02DF2 /* PlanYourMeal */,
				24A0E26E234C634B00B02DF2 /* PlanYourMealTests */,
				24A0E279234C634B00B02DF2 /* PlanYourMealUITests */,
				24A0E253234C634600B02DF2 /* Products */,
				AC46BCC07EE1E21D23BA0637 /* Pods */,
				C068F2518A94C3853C1BEF47 /* Frameworks */,
			);
			sourceTree = "<group>";
		};
		24A0E253234C634600B02DF2 /* Products */ = {
			isa = PBXGroup;
			children = (
				24A0E252234C634600B02DF2 /* PlanYourMeal.app */,
				24A0E26B234C634B00B02DF2 /* PlanYourMealTests.xctest */,
				24A0E276234C634B00B02DF2 /* PlanYourMealUITests.xctest */,
			);
			name = Products;
			sourceTree = "<group>";
		};
		24A0E254234C634600B02DF2 /* PlanYourMeal */ = {
			isa = PBXGroup;
			children = (
				2467FF4823504D190098C021 /* GoogleService-Info.plist */,
				24A0E255234C634600B02DF2 /* AppDelegate.swift */,
				24A0E257234C634600B02DF2 /* SceneDelegate.swift */,
				2467FF41234DECDF0098C021 /* ViewControllers */,
				24A0E25B234C634600B02DF2 /* Main.storyboard */,
				24A0E261234C634B00B02DF2 /* Assets.xcassets */,
				24A0E263234C634B00B02DF2 /* LaunchScreen.storyboard */,
				24A0E266234C634B00B02DF2 /* Info.plist */,
				24A0E25E234C634600B02DF2 /* PlanYourMeal.xcdatamodeld */,
				2467FF42234E60540098C021 /* TabBarViewController.swift */,
				2467FF46234F2FA70098C021 /* Recipe.swift */,
			);
			path = PlanYourMeal;
			sourceTree = "<group>";
		};
		24A0E26E234C634B00B02DF2 /* PlanYourMealTests */ = {
			isa = PBXGroup;
			children = (
				24A0E26F234C634B00B02DF2 /* PlanYourMealTests.swift */,
				24A0E271234C634B00B02DF2 /* Info.plist */,
			);
			path = PlanYourMealTests;
			sourceTree = "<group>";
		};
		24A0E279234C634B00B02DF2 /* PlanYourMealUITests */ = {
			isa = PBXGroup;
			children = (
				24A0E27A234C634B00B02DF2 /* PlanYourMealUITests.swift */,
				24A0E27C234C634B00B02DF2 /* Info.plist */,
			);
			path = PlanYourMealUITests;
			sourceTree = "<group>";
		};
		AC46BCC07EE1E21D23BA0637 /* Pods */ = {
			isa = PBXGroup;
			children = (
				B7F4AEB5CA3F925DA78FD8AC /* Pods-PlanYourMeal.debug.xcconfig */,
				CF1AD880B1B2EE2852F1590B /* Pods-PlanYourMeal.release.xcconfig */,
				45912CC093D228ACBE1047BA /* Pods-PlanYourMeal-PlanYourMealUITests.debug.xcconfig */,
				0AC8E9D2503C5F015FE56B47 /* Pods-PlanYourMeal-PlanYourMealUITests.release.xcconfig */,
				FC91549744357A0A053ACACA /* Pods-PlanYourMealTests.debug.xcconfig */,
				4B05B3B873F40EF3926D4C49 /* Pods-PlanYourMealTests.release.xcconfig */,
			);
			name = Pods;
			path = Pods;
			sourceTree = "<group>";
		};
		C068F2518A94C3853C1BEF47 /* Frameworks */ = {
			isa = PBXGroup;
			children = (
				F8670A283E360A2AEB8B64A7 /* Pods_PlanYourMeal.framework */,
				6AD94CBD1F7FA7F95374CDB2 /* Pods_PlanYourMeal_PlanYourMealUITests.framework */,
				4B1FC49079FDE108F4745934 /* Pods_PlanYourMealTests.framework */,
			);
			name = Frameworks;
			sourceTree = "<group>";
		};
/* End PBXGroup section */

/* Begin PBXNativeTarget section */
		24A0E251234C634500B02DF2 /* PlanYourMeal */ = {
			isa = PBXNativeTarget;
			buildConfigurationList = 24A0E27F234C634B00B02DF2 /* Build configuration list for PBXNativeTarget "PlanYourMeal" */;
			buildPhases = (
				6B46082351D9A65D026434B9 /* [CP] Check Pods Manifest.lock */,
				24A0E24E234C634500B02DF2 /* Sources */,
				24A0E24F234C634500B02DF2 /* Frameworks */,
				24A0E250234C634500B02DF2 /* Resources */,
				C7C32725B585929070BC7521 /* [CP] Embed Pods Frameworks */,
			);
			buildRules = (
			);
			dependencies = (
			);
			name = PlanYourMeal;
			productName = PlanYourMeal;
			productReference = 24A0E252234C634600B02DF2 /* PlanYourMeal.app */;
			productType = "com.apple.product-type.application";
		};
		24A0E26A234C634B00B02DF2 /* PlanYourMealTests */ = {
			isa = PBXNativeTarget;
			buildConfigurationList = 24A0E282234C634B00B02DF2 /* Build configuration list for PBXNativeTarget "PlanYourMealTests" */;
			buildPhases = (
				05E83F93E2779EDDB947EF51 /* [CP] Check Pods Manifest.lock */,
				24A0E267234C634B00B02DF2 /* Sources */,
				24A0E268234C634B00B02DF2 /* Frameworks */,
				24A0E269234C634B00B02DF2 /* Resources */,
			);
			buildRules = (
			);
			dependencies = (
				24A0E26D234C634B00B02DF2 /* PBXTargetDependency */,
			);
			name = PlanYourMealTests;
			productName = PlanYourMealTests;
			productReference = 24A0E26B234C634B00B02DF2 /* PlanYourMealTests.xctest */;
			productType = "com.apple.product-type.bundle.unit-test";
		};
		24A0E275234C634B00B02DF2 /* PlanYourMealUITests */ = {
			isa = PBXNativeTarget;
			buildConfigurationList = 24A0E285234C634B00B02DF2 /* Build configuration list for PBXNativeTarget "PlanYourMealUITests" */;
			buildPhases = (
				666FA8439A0996EA4351940A /* [CP] Check Pods Manifest.lock */,
				24A0E272234C634B00B02DF2 /* Sources */,
				24A0E273234C634B00B02DF2 /* Frameworks */,
				24A0E274234C634B00B02DF2 /* Resources */,
				11C5AAAA5C11D13FD76A7F06 /* [CP] Embed Pods Frameworks */,
			);
			buildRules = (
			);
			dependencies = (
				24A0E278234C634B00B02DF2 /* PBXTargetDependency */,
			);
			name = PlanYourMealUITests;
			productName = PlanYourMealUITests;
			productReference = 24A0E276234C634B00B02DF2 /* PlanYourMealUITests.xctest */;
			productType = "com.apple.product-type.bundle.ui-testing";
		};
/* End PBXNativeTarget section */

/* Begin PBXProject section */
		24A0E24A234C634500B02DF2 /* Project object */ = {
			isa = PBXProject;
			attributes = {
				LastSwiftUpdateCheck = 1100;
				LastUpgradeCheck = 1100;
				ORGANIZATIONNAME = "мак";
				TargetAttributes = {
					24A0E251234C634500B02DF2 = {
						CreatedOnToolsVersion = 11.0;
					};
					24A0E26A234C634B00B02DF2 = {
						CreatedOnToolsVersion = 11.0;
						TestTargetID = 24A0E251234C634500B02DF2;
					};
					24A0E275234C634B00B02DF2 = {
						CreatedOnToolsVersion = 11.0;
						TestTargetID = 24A0E251234C634500B02DF2;
					};
				};
			};
			buildConfigurationList = 24A0E24D234C634500B02DF2 /* Build configuration list for PBXProject "PlanYourMeal" */;
			compatibilityVersion = "Xcode 9.3";
			developmentRegion = en;
			hasScannedForEncodings = 0;
			knownRegions = (
				en,
				Base,
			);
			mainGroup = 24A0E249234C634500B02DF2;
			productRefGroup = 24A0E253234C634600B02DF2 /* Products */;
			projectDirPath = "";
			projectRoot = "";
			targets = (
				24A0E251234C634500B02DF2 /* PlanYourMeal */,
				24A0E26A234C634B00B02DF2 /* PlanYourMealTests */,
				24A0E275234C634B00B02DF2 /* PlanYourMealUITests */,
			);
		};
/* End PBXProject section */

/* Begin PBXResourcesBuildPhase section */
		24A0E250234C634500B02DF2 /* Resources */ = {
			isa = PBXResourcesBuildPhase;
			buildActionMask = 2147483647;
			files = (
				24A0E265234C634B00B02DF2 /* LaunchScreen.storyboard in Resources */,
				2467FF4923504D190098C021 /* GoogleService-Info.plist in Resources */,
				24A0E262234C634B00B02DF2 /* Assets.xcassets in Resources */,
				24A0E25D234C634600B02DF2 /* Main.storyboard in Resources */,
			);
			runOnlyForDeploymentPostprocessing = 0;
		};
		24A0E269234C634B00B02DF2 /* Resources */ = {
			isa = PBXResourcesBuildPhase;
			buildActionMask = 2147483647;
			files = (
			);
			runOnlyForDeploymentPostprocessing = 0;
		};
		24A0E274234C634B00B02DF2 /* Resources */ = {
			isa = PBXResourcesBuildPhase;
			buildActionMask = 2147483647;
			files = (
			);
			runOnlyForDeploymentPostprocessing = 0;
		};
/* End PBXResourcesBuildPhase section */

/* Begin PBXShellScriptBuildPhase section */
		05E83F93E2779EDDB947EF51 /* [CP] Check Pods Manifest.lock */ = {
			isa = PBXShellScriptBuildPhase;
			buildActionMask = 2147483647;
			files = (
			);
			inputFileListPaths = (
			);
			inputPaths = (
				"${PODS_PODFILE_DIR_PATH}/Podfile.lock",
				"${PODS_ROOT}/Manifest.lock",
			);
			name = "[CP] Check Pods Manifest.lock";
			outputFileListPaths = (
			);
			outputPaths = (
				"$(DERIVED_FILE_DIR)/Pods-PlanYourMealTests-checkManifestLockResult.txt",
			);
			runOnlyForDeploymentPostprocessing = 0;
			shellPath = /bin/sh;
			shellScript = "diff \"${PODS_PODFILE_DIR_PATH}/Podfile.lock\" \"${PODS_ROOT}/Manifest.lock\" > /dev/null\nif [ $? != 0 ] ; then\n    # print error to STDERR\n    echo \"error: The sandbox is not in sync with the Podfile.lock. Run 'pod install' or update your CocoaPods installation.\" >&2\n    exit 1\nfi\n# This output is used by Xcode 'outputs' to avoid re-running this script phase.\necho \"SUCCESS\" > \"${SCRIPT_OUTPUT_FILE_0}\"\n";
			showEnvVarsInLog = 0;
		};
		11C5AAAA5C11D13FD76A7F06 /* [CP] Embed Pods Frameworks */ = {
			isa = PBXShellScriptBuildPhase;
			buildActionMask = 2147483647;
			files = (
			);
			inputFileListPaths = (
				"${PODS_ROOT}/Target Support Files/Pods-PlanYourMeal-PlanYourMealUITests/Pods-PlanYourMeal-PlanYourMealUITests-frameworks-${CONFIGURATION}-input-files.xcfilelist",
			);
			name = "[CP] Embed Pods Frameworks";
			outputFileListPaths = (
				"${PODS_ROOT}/Target Support Files/Pods-PlanYourMeal-PlanYourMealUITests/Pods-PlanYourMeal-PlanYourMealUITests-frameworks-${CONFIGURATION}-output-files.xcfilelist",
			);
			runOnlyForDeploymentPostprocessing = 0;
			shellPath = /bin/sh;
			shellScript = "\"${PODS_ROOT}/Target Support Files/Pods-PlanYourMeal-PlanYourMealUITests/Pods-PlanYourMeal-PlanYourMealUITests-frameworks.sh\"\n";
			showEnvVarsInLog = 0;
		};
		666FA8439A0996EA4351940A /* [CP] Check Pods Manifest.lock */ = {
			isa = PBXShellScriptBuildPhase;
			buildActionMask = 2147483647;
			files = (
			);
			inputFileListPaths = (
			);
			inputPaths = (
				"${PODS_PODFILE_DIR_PATH}/Podfile.lock",
				"${PODS_ROOT}/Manifest.lock",
			);
			name = "[CP] Check Pods Manifest.lock";
			outputFileListPaths = (
			);
			outputPaths = (
				"$(DERIVED_FILE_DIR)/Pods-PlanYourMeal-PlanYourMealUITests-checkManifestLockResult.txt",
			);
			runOnlyForDeploymentPostprocessing = 0;
			shellPath = /bin/sh;
			shellScript = "diff \"${PODS_PODFILE_DIR_PATH}/Podfile.lock\" \"${PODS_ROOT}/Manifest.lock\" > /dev/null\nif [ $? != 0 ] ; then\n    # print error to STDERR\n    echo \"error: The sandbox is not in sync with the Podfile.lock. Run 'pod install' or update your CocoaPods installation.\" >&2\n    exit 1\nfi\n# This output is used by Xcode 'outputs' to avoid re-running this script phase.\necho \"SUCCESS\" > \"${SCRIPT_OUTPUT_FILE_0}\"\n";
			showEnvVarsInLog = 0;
		};
		6B46082351D9A65D026434B9 /* [CP] Check Pods Manifest.lock */ = {
			isa = PBXShellScriptBuildPhase;
			buildActionMask = 2147483647;
			files = (
			);
			inputFileListPaths = (
			);
			inputPaths = (
				"${PODS_PODFILE_DIR_PATH}/Podfile.lock",
				"${PODS_ROOT}/Manifest.lock",
			);
			name = "[CP] Check Pods Manifest.lock";
			outputFileListPaths = (
			);
			outputPaths = (
				"$(DERIVED_FILE_DIR)/Pods-PlanYourMeal-checkManifestLockResult.txt",
			);
			runOnlyForDeploymentPostprocessing = 0;
			shellPath = /bin/sh;
			shellScript = "diff \"${PODS_PODFILE_DIR_PATH}/Podfile.lock\" \"${PODS_ROOT}/Manifest.lock\" > /dev/null\nif [ $? != 0 ] ; then\n    # print error to STDERR\n    echo \"error: The sandbox is not in sync with the Podfile.lock. Run 'pod install' or update your CocoaPods installation.\" >&2\n    exit 1\nfi\n# This output is used by Xcode 'outputs' to avoid re-running this script phase.\necho \"SUCCESS\" > \"${SCRIPT_OUTPUT_FILE_0}\"\n";
			showEnvVarsInLog = 0;
		};
		C7C32725B585929070BC7521 /* [CP] Embed Pods Frameworks */ = {
			isa = PBXShellScriptBuildPhase;
			buildActionMask = 2147483647;
			files = (
			);
			inputFileListPaths = (
				"${PODS_ROOT}/Target Support Files/Pods-PlanYourMeal/Pods-PlanYourMeal-frameworks-${CONFIGURATION}-input-files.xcfilelist",
			);
			name = "[CP] Embed Pods Frameworks";
			outputFileListPaths = (
				"${PODS_ROOT}/Target Support Files/Pods-PlanYourMeal/Pods-PlanYourMeal-frameworks-${CONFIGURATION}-output-files.xcfilelist",
			);
			runOnlyForDeploymentPostprocessing = 0;
			shellPath = /bin/sh;
			shellScript = "\"${PODS_ROOT}/Target Support Files/Pods-PlanYourMeal/Pods-PlanYourMeal-frameworks.sh\"\n";
			showEnvVarsInLog = 0;
		};
/* End PBXShellScriptBuildPhase section */

/* Begin PBXSourcesBuildPhase section */
		24A0E24E234C634500B02DF2 /* Sources */ = {
			isa = PBXSourcesBuildPhase;
			buildActionMask = 2147483647;
			files = (
				2467FF38234DAF4D0098C021 /* HomeViewController.swift in Sources */,
				24A0E256234C634600B02DF2 /* AppDelegate.swift in Sources */,
				2467FF3C234DEC6B0098C021 /* PlusViewController.swift in Sources */,
				2467FF45234F2CB30098C021 /* RecipesCollectionViewController.swift in Sources */,
				2467FF3E234DECA40098C021 /* ShoppingListViewController.swift in Sources */,
				2467FF43234E60540098C021 /* TabBarViewController.swift in Sources */,
				24A0E260234C634600B02DF2 /* PlanYourMeal.xcdatamodeld in Sources */,
				2467FF40234DECC90098C021 /* ProfileViewController.swift in Sources */,
				24A0E258234C634600B02DF2 /* SceneDelegate.swift in Sources */,
				2467FF47234F2FA70098C021 /* Recipe.swift in Sources */,
			);
			runOnlyForDeploymentPostprocessing = 0;
		};
		24A0E267234C634B00B02DF2 /* Sources */ = {
			isa = PBXSourcesBuildPhase;
			buildActionMask = 2147483647;
			files = (
				24A0E270234C634B00B02DF2 /* PlanYourMealTests.swift in Sources */,
			);
			runOnlyForDeploymentPostprocessing = 0;
		};
		24A0E272234C634B00B02DF2 /* Sources */ = {
			isa = PBXSourcesBuildPhase;
			buildActionMask = 2147483647;
			files = (
				24A0E27B234C634B00B02DF2 /* PlanYourMealUITests.swift in Sources */,
			);
			runOnlyForDeploymentPostprocessing = 0;
		};
/* End PBXSourcesBuildPhase section */

/* Begin PBXTargetDependency section */
		24A0E26D234C634B00B02DF2 /* PBXTargetDependency */ = {
			isa = PBXTargetDependency;
			target = 24A0E251234C634500B02DF2 /* PlanYourMeal */;
			targetProxy = 24A0E26C234C634B00B02DF2 /* PBXContainerItemProxy */;
		};
		24A0E278234C634B00B02DF2 /* PBXTargetDependency */ = {
			isa = PBXTargetDependency;
			target = 24A0E251234C634500B02DF2 /* PlanYourMeal */;
			targetProxy = 24A0E277234C634B00B02DF2 /* PBXContainerItemProxy */;
		};
/* End PBXTargetDependency section */

/* Begin PBXVariantGroup section */
		24A0E25B234C634600B02DF2 /* Main.storyboard */ = {
			isa = PBXVariantGroup;
			children = (
				24A0E25C234C634600B02DF2 /* Base */,
			);
			name = Main.storyboard;
			sourceTree = "<group>";
		};
		24A0E263234C634B00B02DF2 /* LaunchScreen.storyboard */ = {
			isa = PBXVariantGroup;
			children = (
				24A0E264234C634B00B02DF2 /* Base */,
			);
			name = LaunchScreen.storyboard;
			sourceTree = "<group>";
		};
/* End PBXVariantGroup section */

/* Begin XCBuildConfiguration section */
		24A0E27D234C634B00B02DF2 /* Debug */ = {
			isa = XCBuildConfiguration;
			buildSettings = {
				ALWAYS_SEARCH_USER_PATHS = NO;
				CLANG_ANALYZER_NONNULL = YES;
				CLANG_ANALYZER_NUMBER_OBJECT_CONVERSION = YES_AGGRESSIVE;
				CLANG_CXX_LANGUAGE_STANDARD = "gnu++14";
				CLANG_CXX_LIBRARY = "libc++";
				CLANG_ENABLE_MODULES = YES;
				CLANG_ENABLE_OBJC_ARC = YES;
				CLANG_ENABLE_OBJC_WEAK = YES;
				CLANG_WARN_BLOCK_CAPTURE_AUTORELEASING = YES;
				CLANG_WARN_BOOL_CONVERSION = YES;
				CLANG_WARN_COMMA = YES;
				CLANG_WARN_CONSTANT_CONVERSION = YES;
				CLANG_WARN_DEPRECATED_OBJC_IMPLEMENTATIONS = YES;
				CLANG_WARN_DIRECT_OBJC_ISA_USAGE = YES_ERROR;
				CLANG_WARN_DOCUMENTATION_COMMENTS = YES;
				CLANG_WARN_EMPTY_BODY = YES;
				CLANG_WARN_ENUM_CONVERSION = YES;
				CLANG_WARN_INFINITE_RECURSION = YES;
				CLANG_WARN_INT_CONVERSION = YES;
				CLANG_WARN_NON_LITERAL_NULL_CONVERSION = YES;
				CLANG_WARN_OBJC_IMPLICIT_RETAIN_SELF = YES;
				CLANG_WARN_OBJC_LITERAL_CONVERSION = YES;
				CLANG_WARN_OBJC_ROOT_CLASS = YES_ERROR;
				CLANG_WARN_RANGE_LOOP_ANALYSIS = YES;
				CLANG_WARN_STRICT_PROTOTYPES = YES;
				CLANG_WARN_SUSPICIOUS_MOVE = YES;
				CLANG_WARN_UNGUARDED_AVAILABILITY = YES_AGGRESSIVE;
				CLANG_WARN_UNREACHABLE_CODE = YES;
				CLANG_WARN__DUPLICATE_METHOD_MATCH = YES;
				COPY_PHASE_STRIP = NO;
				DEBUG_INFORMATION_FORMAT = dwarf;
				ENABLE_STRICT_OBJC_MSGSEND = YES;
				ENABLE_TESTABILITY = YES;
				GCC_C_LANGUAGE_STANDARD = gnu11;
				GCC_DYNAMIC_NO_PIC = NO;
				GCC_NO_COMMON_BLOCKS = YES;
				GCC_OPTIMIZATION_LEVEL = 0;
				GCC_PREPROCESSOR_DEFINITIONS = (
					"DEBUG=1",
					"$(inherited)",
				);
				GCC_WARN_64_TO_32_BIT_CONVERSION = YES;
				GCC_WARN_ABOUT_RETURN_TYPE = YES_ERROR;
				GCC_WARN_UNDECLARED_SELECTOR = YES;
				GCC_WARN_UNINITIALIZED_AUTOS = YES_AGGRESSIVE;
				GCC_WARN_UNUSED_FUNCTION = YES;
				GCC_WARN_UNUSED_VARIABLE = YES;
				IPHONEOS_DEPLOYMENT_TARGET = 13.0;
				MTL_ENABLE_DEBUG_INFO = INCLUDE_SOURCE;
				MTL_FAST_MATH = YES;
				ONLY_ACTIVE_ARCH = YES;
				SDKROOT = iphoneos;
				SWIFT_ACTIVE_COMPILATION_CONDITIONS = DEBUG;
				SWIFT_OPTIMIZATION_LEVEL = "-Onone";
			};
			name = Debug;
		};
		24A0E27E234C634B00B02DF2 /* Release */ = {
			isa = XCBuildConfiguration;
			buildSettings = {
				ALWAYS_SEARCH_USER_PATHS = NO;
				CLANG_ANALYZER_NONNULL = YES;
				CLANG_ANALYZER_NUMBER_OBJECT_CONVERSION = YES_AGGRESSIVE;
				CLANG_CXX_LANGUAGE_STANDARD = "gnu++14";
				CLANG_CXX_LIBRARY = "libc++";
				CLANG_ENABLE_MODULES = YES;
				CLANG_ENABLE_OBJC_ARC = YES;
				CLANG_ENABLE_OBJC_WEAK = YES;
				CLANG_WARN_BLOCK_CAPTURE_AUTORELEASING = YES;
				CLANG_WARN_BOOL_CONVERSION = YES;
				CLANG_WARN_COMMA = YES;
				CLANG_WARN_CONSTANT_CONVERSION = YES;
				CLANG_WARN_DEPRECATED_OBJC_IMPLEMENTATIONS = YES;
				CLANG_WARN_DIRECT_OBJC_ISA_USAGE = YES_ERROR;
				CLANG_WARN_DOCUMENTATION_COMMENTS = YES;
				CLANG_WARN_EMPTY_BODY = YES;
				CLANG_WARN_ENUM_CONVERSION = YES;
				CLANG_WARN_INFINITE_RECURSION = YES;
				CLANG_WARN_INT_CONVERSION = YES;
				CLANG_WARN_NON_LITERAL_NULL_CONVERSION = YES;
				CLANG_WARN_OBJC_IMPLICIT_RETAIN_SELF = YES;
				CLANG_WARN_OBJC_LITERAL_CONVERSION = YES;
				CLANG_WARN_OBJC_ROOT_CLASS = YES_ERROR;
				CLANG_WARN_RANGE_LOOP_ANALYSIS = YES;
				CLANG_WARN_STRICT_PROTOTYPES = YES;
				CLANG_WARN_SUSPICIOUS_MOVE = YES;
				CLANG_WARN_UNGUARDED_AVAILABILITY = YES_AGGRESSIVE;
				CLANG_WARN_UNREACHABLE_CODE = YES;
				CLANG_WARN__DUPLICATE_METHOD_MATCH = YES;
				COPY_PHASE_STRIP = NO;
				DEBUG_INFORMATION_FORMAT = "dwarf-with-dsym";
				ENABLE_NS_ASSERTIONS = NO;
				ENABLE_STRICT_OBJC_MSGSEND = YES;
				GCC_C_LANGUAGE_STANDARD = gnu11;
				GCC_NO_COMMON_BLOCKS = YES;
				GCC_WARN_64_TO_32_BIT_CONVERSION = YES;
				GCC_WARN_ABOUT_RETURN_TYPE = YES_ERROR;
				GCC_WARN_UNDECLARED_SELECTOR = YES;
				GCC_WARN_UNINITIALIZED_AUTOS = YES_AGGRESSIVE;
				GCC_WARN_UNUSED_FUNCTION = YES;
				GCC_WARN_UNUSED_VARIABLE = YES;
				IPHONEOS_DEPLOYMENT_TARGET = 13.0;
				MTL_ENABLE_DEBUG_INFO = NO;
				MTL_FAST_MATH = YES;
				SDKROOT = iphoneos;
				SWIFT_COMPILATION_MODE = wholemodule;
				SWIFT_OPTIMIZATION_LEVEL = "-O";
				VALIDATE_PRODUCT = YES;
			};
			name = Release;
		};
		24A0E280234C634B00B02DF2 /* Debug */ = {
			isa = XCBuildConfiguration;
			baseConfigurationReference = B7F4AEB5CA3F925DA78FD8AC /* Pods-PlanYourMeal.debug.xcconfig */;
			buildSettings = {
				ASSETCATALOG_COMPILER_APPICON_NAME = AppIcon;
				CODE_SIGN_STYLE = Automatic;
				DEVELOPMENT_TEAM = 6ZH644H3JU;
				INFOPLIST_FILE = PlanYourMeal/Info.plist;
				LD_RUNPATH_SEARCH_PATHS = (
					"$(inherited)",
					"@executable_path/Frameworks",
				);
				PRODUCT_BUNDLE_IDENTIFIER = com.PlanYourMeal;
				PRODUCT_NAME = "$(TARGET_NAME)";
				SWIFT_VERSION = 5.0;
				TARGETED_DEVICE_FAMILY = "1,2";
			};
			name = Debug;
		};
		24A0E281234C634B00B02DF2 /* Release */ = {
			isa = XCBuildConfiguration;
			baseConfigurationReference = CF1AD880B1B2EE2852F1590B /* Pods-PlanYourMeal.release.xcconfig */;
			buildSettings = {
				ASSETCATALOG_COMPILER_APPICON_NAME = AppIcon;
				CODE_SIGN_STYLE = Automatic;
				DEVELOPMENT_TEAM = 6ZH644H3JU;
				INFOPLIST_FILE = PlanYourMeal/Info.plist;
				LD_RUNPATH_SEARCH_PATHS = (
					"$(inherited)",
					"@executable_path/Frameworks",
				);
				PRODUCT_BUNDLE_IDENTIFIER = com.PlanYourMeal;
				PRODUCT_NAME = "$(TARGET_NAME)";
				SWIFT_VERSION = 5.0;
				TARGETED_DEVICE_FAMILY = "1,2";
			};
			name = Release;
		};
		24A0E283234C634B00B02DF2 /* Debug */ = {
			isa = XCBuildConfiguration;
			baseConfigurationReference = FC91549744357A0A053ACACA /* Pods-PlanYourMealTests.debug.xcconfig */;
			buildSettings = {
				ALWAYS_EMBED_SWIFT_STANDARD_LIBRARIES = YES;
				BUNDLE_LOADER = "$(TEST_HOST)";
				CODE_SIGN_STYLE = Automatic;
				DEVELOPMENT_TEAM = 6ZH644H3JU;
				INFOPLIST_FILE = PlanYourMealTests/Info.plist;
				IPHONEOS_DEPLOYMENT_TARGET = 13.0;
				LD_RUNPATH_SEARCH_PATHS = (
					"$(inherited)",
					"@executable_path/Frameworks",
					"@loader_path/Frameworks",
				);
				PRODUCT_BUNDLE_IDENTIFIER = com.PlanYourMealTests;
				PRODUCT_NAME = "$(TARGET_NAME)";
				SWIFT_VERSION = 5.0;
				TARGETED_DEVICE_FAMILY = "1,2";
				TEST_HOST = "$(BUILT_PRODUCTS_DIR)/PlanYourMeal.app/PlanYourMeal";
			};
			name = Debug;
		};
		24A0E284234C634B00B02DF2 /* Release */ = {
			isa = XCBuildConfiguration;
			baseConfigurationReference = 4B05B3B873F40EF3926D4C49 /* Pods-PlanYourMealTests.release.xcconfig */;
			buildSettings = {
				ALWAYS_EMBED_SWIFT_STANDARD_LIBRARIES = YES;
				BUNDLE_LOADER = "$(TEST_HOST)";
				CODE_SIGN_STYLE = Automatic;
				DEVELOPMENT_TEAM = 6ZH644H3JU;
				INFOPLIST_FILE = PlanYourMealTests/Info.plist;
				IPHONEOS_DEPLOYMENT_TARGET = 13.0;
				LD_RUNPATH_SEARCH_PATHS = (
					"$(inherited)",
					"@executable_path/Frameworks",
					"@loader_path/Frameworks",
				);
				PRODUCT_BUNDLE_IDENTIFIER = com.PlanYourMealTests;
				PRODUCT_NAME = "$(TARGET_NAME)";
				SWIFT_VERSION = 5.0;
				TARGETED_DEVICE_FAMILY = "1,2";
				TEST_HOST = "$(BUILT_PRODUCTS_DIR)/PlanYourMeal.app/PlanYourMeal";
			};
			name = Release;
		};
		24A0E286234C634B00B02DF2 /* Debug */ = {
			isa = XCBuildConfiguration;
			baseConfigurationReference = 45912CC093D228ACBE1047BA /* Pods-PlanYourMeal-PlanYourMealUITests.debug.xcconfig */;
			buildSettings = {
				ALWAYS_EMBED_SWIFT_STANDARD_LIBRARIES = YES;
				CODE_SIGN_STYLE = Automatic;
				DEVELOPMENT_TEAM = 6ZH644H3JU;
				INFOPLIST_FILE = PlanYourMealUITests/Info.plist;
				LD_RUNPATH_SEARCH_PATHS = (
					"$(inherited)",
					"@executable_path/Frameworks",
					"@loader_path/Frameworks",
				);
				PRODUCT_BUNDLE_IDENTIFIER = com.PlanYourMealUITests;
				PRODUCT_NAME = "$(TARGET_NAME)";
				SWIFT_VERSION = 5.0;
				TARGETED_DEVICE_FAMILY = "1,2";
				TEST_TARGET_NAME = PlanYourMeal;
			};
			name = Debug;
		};
		24A0E287234C634B00B02DF2 /* Release */ = {
			isa = XCBuildConfiguration;
			baseConfigurationReference = 0AC8E9D2503C5F015FE56B47 /* Pods-PlanYourMeal-PlanYourMealUITests.release.xcconfig */;
			buildSettings = {
				ALWAYS_EMBED_SWIFT_STANDARD_LIBRARIES = YES;
				CODE_SIGN_STYLE = Automatic;
				DEVELOPMENT_TEAM = 6ZH644H3JU;
				INFOPLIST_FILE = PlanYourMealUITests/Info.plist;
				LD_RUNPATH_SEARCH_PATHS = (
					"$(inherited)",
					"@executable_path/Frameworks",
					"@loader_path/Frameworks",
				);
				PRODUCT_BUNDLE_IDENTIFIER = com.PlanYourMealUITests;
				PRODUCT_NAME = "$(TARGET_NAME)";
				SWIFT_VERSION = 5.0;
				TARGETED_DEVICE_FAMILY = "1,2";
				TEST_TARGET_NAME = PlanYourMeal;
			};
			name = Release;
		};
/* End XCBuildConfiguration section */

/* Begin XCConfigurationList section */
		24A0E24D234C634500B02DF2 /* Build configuration list for PBXProject "PlanYourMeal" */ = {
			isa = XCConfigurationList;
			buildConfigurations = (
				24A0E27D234C634B00B02DF2 /* Debug */,
				24A0E27E234C634B00B02DF2 /* Release */,
			);
			defaultConfigurationIsVisible = 0;
			defaultConfigurationName = Release;
		};
		24A0E27F234C634B00B02DF2 /* Build configuration list for PBXNativeTarget "PlanYourMeal" */ = {
			isa = XCConfigurationList;
			buildConfigurations = (
				24A0E280234C634B00B02DF2 /* Debug */,
				24A0E281234C634B00B02DF2 /* Release */,
			);
			defaultConfigurationIsVisible = 0;
			defaultConfigurationName = Release;
		};
		24A0E282234C634B00B02DF2 /* Build configuration list for PBXNativeTarget "PlanYourMealTests" */ = {
			isa = XCConfigurationList;
			buildConfigurations = (
				24A0E283234C634B00B02DF2 /* Debug */,
				24A0E284234C634B00B02DF2 /* Release */,
			);
			defaultConfigurationIsVisible = 0;
			defaultConfigurationName = Release;
		};
		24A0E285234C634B00B02DF2 /* Build configuration list for PBXNativeTarget "PlanYourMealUITests" */ = {
			isa = XCConfigurationList;
			buildConfigurations = (
				24A0E286234C634B00B02DF2 /* Debug */,
				24A0E287234C634B00B02DF2 /* Release */,
			);
			defaultConfigurationIsVisible = 0;
			defaultConfigurationName = Release;
		};
/* End XCConfigurationList section */

/* Begin XCVersionGroup section */
		24A0E25E234C634600B02DF2 /* PlanYourMeal.xcdatamodeld */ = {
			isa = XCVersionGroup;
			children = (
				24A0E25F234C634600B02DF2 /* PlanYourMeal.xcdatamodel */,
			);
			currentVersion = 24A0E25F234C634600B02DF2 /* PlanYourMeal.xcdatamodel */;
			path = PlanYourMeal.xcdatamodeld;
			sourceTree = "<group>";
			versionGroupType = wrapper.xcdatamodel;
		};
/* End XCVersionGroup section */
	};
	rootObject = 24A0E24A234C634500B02DF2 /* Project object */;
}
